
Microsoft Visual Studio Solution File, Format Version 12.00
# Visual Studio Version 16
VisualStudioVersion = 16.0.32407.337
MinimumVisualStudioVersion = 10.0.40219.1
Project("{FAE04EC0-301F-11D3-BF4B-00C04F79EFBC}") = "Web", "Web\Web.csproj", "{C28D826B-4FE6-44B4-83F0-4A841352FDE1}"
EndProject
Project("{FAE04EC0-301F-11D3-BF4B-00C04F79EFBC}") = "core", "core\core.csproj", "{5CE32E7B-81DB-460E-AC23-8A4B1124112B}"
EndProject
Project("{FAE04EC0-301F-11D3-BF4B-00C04F79EFBC}") = "infrastructure", "infrastructure\infrastructure.csproj", "{1762F84D-C0D4-455F-93C3-C5C28A22B1FE}"
EndProject
Global
	GlobalSection(SolutionConfigurationPlatforms) = preSolution
		Debug|Any CPU = Debug|Any CPU
		Release|Any CPU = Release|Any CPU
	EndGlobalSection
	GlobalSection(ProjectConfigurationPlatforms) = postSolution
		{C28D826B-4FE6-44B4-83F0-4A841352FDE1}.Debug|Any CPU.ActiveCfg = Debug|Any CPU
		{C28D826B-4FE6-44B4-83F0-4A841352FDE1}.Debug|Any CPU.Build.0 = Debug|Any CPU
		{C28D826B-4FE6-44B4-83F0-4A841352FDE1}.Release|Any CPU.ActiveCfg = Release|Any CPU
		{C28D826B-4FE6-44B4-83F0-4A841352FDE1}.Release|Any CPU.Build.0 = Release|Any CPU
		{5CE32E7B-81DB-460E-AC23-8A4B1124112B}.Debug|Any CPU.ActiveCfg = Debug|Any CPU
		{5CE32E7B-81DB-460E-AC23-8A4B1124112B}.Debug|Any CPU.Build.0 = Debug|Any CPU
		{5CE32E7B-81DB-460E-AC23-8A4B1124112B}.Release|Any CPU.ActiveCfg = Release|Any CPU
		{5CE32E7B-81DB-460E-AC23-8A4B1124112B}.Release|Any CPU.Build.0 = Release|Any CPU
		{1762F84D-C0D4-455F-93C3-C5C28A22B1FE}.Debug|Any CPU.ActiveCfg = Debug|Any CPU
		{1762F84D-C0D4-455F-93C3-C5C28A22B1FE}.Debug|Any CPU.Build.0 = Debug|Any CPU
		{1762F84D-C0D4-455F-93C3-C5C28A22B1FE}.Release|Any CPU.ActiveCfg = Release|Any CPU
		{1762F84D-C0D4-455F-93C3-C5C28A22B1FE}.Release|Any CPU.Build.0 = Release|Any CPU
	EndGlobalSection
	GlobalSection(SolutionProperties) = preSolution
		HideSolutionNode = FALSE
	EndGlobalSection
	GlobalSection(ExtensibilityGlobals) = postSolution
		SolutionGuid = {458A6826-EDBC-40A6-8ECD-4B21F00189F4}
	EndGlobalSection
EndGlobal
